
Microsoft Visual Studio Solution File, Format Version 12.00
# Visual Studio Version 17
VisualStudioVersion = 17.13.35828.75 d17.13
MinimumVisualStudioVersion = 10.0.40219.1
Project("{FAE04EC0-301F-11D3-BF4B-00C04F79EFBC}") = "KonsolaPasjans", "KonsolaPasjans\KonsolaPasjans.csproj", "{841FC465-1455-4614-8B06-50AB76A0FFC5}"
EndProject
Global
	GlobalSection(SolutionConfigurationPlatforms) = preSolution
		Debug|Any CPU = Debug|Any CPU
		Release|Any CPU = Release|Any CPU
	EndGlobalSection
	GlobalSection(ProjectConfigurationPlatforms) = postSolution
		{841FC465-1455-4614-8B06-50AB76A0FFC5}.Debug|Any CPU.ActiveCfg = Debug|Any CPU
		{841FC465-1455-4614-8B06-50AB76A0FFC5}.Debug|Any CPU.Build.0 = Debug|Any CPU
		{841FC465-1455-4614-8B06-50AB76A0FFC5}.Release|Any CPU.ActiveCfg = Release|Any CPU
		{841FC465-1455-4614-8B06-50AB76A0FFC5}.Release|Any CPU.Build.0 = Release|Any CPU
	EndGlobalSection
	GlobalSection(SolutionProperties) = preSolution
		HideSolutionNode = FALSE
	EndGlobalSection
	GlobalSection(ExtensibilityGlobals) = postSolution
		SolutionGuid = {51823B0A-1723-448A-B8E8-D77120F40AFB}
	EndGlobalSection
EndGlobal
